
Microsoft Visual Studio Solution File, Format Version 12.00
# Visual Studio Version 17
VisualStudioVersion = 17.5.33516.290
MinimumVisualStudioVersion = 10.0.40219.1
Project("{FAE04EC0-301F-11D3-BF4B-00C04F79EFBC}") = "mangement", "mangement\mangement.csproj", "{FC2A3BA1-5FED-4D7C-AFA9-165845C4FA52}"
EndProject
Global
	GlobalSection(SolutionConfigurationPlatforms) = preSolution
		Debug|Any CPU = Debug|Any CPU
		Release|Any CPU = Release|Any CPU
	EndGlobalSection
	GlobalSection(ProjectConfigurationPlatforms) = postSolution
		{FC2A3BA1-5FED-4D7C-AFA9-165845C4FA52}.Debug|Any CPU.ActiveCfg = Debug|Any CPU
		{FC2A3BA1-5FED-4D7C-AFA9-165845C4FA52}.Debug|Any CPU.Build.0 = Debug|Any CPU
		{FC2A3BA1-5FED-4D7C-AFA9-165845C4FA52}.Release|Any CPU.ActiveCfg = Release|Any CPU
		{FC2A3BA1-5FED-4D7C-AFA9-165845C4FA52}.Release|Any CPU.Build.0 = Release|Any CPU
	EndGlobalSection
	GlobalSection(SolutionProperties) = preSolution
		HideSolutionNode = FALSE
	EndGlobalSection
	GlobalSection(ExtensibilityGlobals) = postSolution
		SolutionGuid = {FEDFF5BE-548F-4200-B76E-FCC22FDA2906}
	EndGlobalSection
EndGlobal
